
Microsoft Visual Studio Solution File, Format Version 12.00
# Visual Studio Version 17
VisualStudioVersion = 17.7.34018.315
MinimumVisualStudioVersion = 10.0.40219.1
Project("{2150E333-8FDC-42A3-9474-1A3956D46DE8}") = "Opgaver", "Opgaver", "{B9BE1BBF-290F-4601-8404-F2F3C38750E3}"
EndProject
Project("{FAE04EC0-301F-11D3-BF4B-00C04F79EFBC}") = "Opgave1", "Opgaver\Opgave1\Opgave1.csproj", "{9418DA91-988A-469A-87A1-2699549ED5B3}"
EndProject
Project("{FAE04EC0-301F-11D3-BF4B-00C04F79EFBC}") = "Opgave2", "Opgaver\Opgave2\Opgave2.csproj", "{922DB024-612C-4685-A702-93B691B66A57}"
EndProject
Project("{FAE04EC0-301F-11D3-BF4B-00C04F79EFBC}") = "Opgave3", "Opgaver\Opgave3\Opgave3.csproj", "{39FB4F61-3825-4954-9D45-E39D6AAE1A03}"
EndProject
Project("{FAE04EC0-301F-11D3-BF4B-00C04F79EFBC}") = "Opgave4", "Opgaver\Opgave4\Opgave4.csproj", "{4ABA9807-A7E6-43C7-BA3A-C6EB381C8FD6}"
EndProject
Project("{2150E333-8FDC-42A3-9474-1A3956D46DE8}") = "Andet", "Andet", "{6C368247-6EF6-4E02-8658-1E7A11755EEA}"
EndProject
Project("{FAE04EC0-301F-11D3-BF4B-00C04F79EFBC}") = "Position", "Andet\Position\Position.csproj", "{BA5EF8DC-1E0D-416A-9451-29B83BCE24FC}"
EndProject
Project("{FAE04EC0-301F-11D3-BF4B-00C04F79EFBC}") = "Opgave5", "Opgaver\Opgave5\Opgave5.csproj", "{BFC753CB-81F1-42AC-9391-C61703EB700A}"
EndProject
Project("{FAE04EC0-301F-11D3-BF4B-00C04F79EFBC}") = "Opgave6", "Opgaver\Opgave6\Opgave6.csproj", "{B6A1D86A-36BF-4BB3-BA91-B39D8ED7280D}"
EndProject
Project("{FAE04EC0-301F-11D3-BF4B-00C04F79EFBC}") = "Opgave7", "Opgaver\Opgave7\Opgave7.csproj", "{5F4C419C-C517-430A-A8E2-4CFDFFD726F4}"
EndProject
Project("{FAE04EC0-301F-11D3-BF4B-00C04F79EFBC}") = "IndexFormatting", "Andet\IndexFormatting\IndexFormatting.csproj", "{12265FD6-9FA4-4CEC-B831-B9323DF4BBF4}"
EndProject
Project("{FAE04EC0-301F-11D3-BF4B-00C04F79EFBC}") = "Opgave8", "Opgaver\Opgave8\Opgave8.csproj", "{48DEC9F4-9F07-4779-936F-54A780B58752}"
EndProject
Project("{FAE04EC0-301F-11D3-BF4B-00C04F79EFBC}") = "Opgave9", "Opgaver\Opgave9\Opgave9.csproj", "{B90B3CE7-F75F-425A-B832-A400E208B609}"
EndProject
Project("{FAE04EC0-301F-11D3-BF4B-00C04F79EFBC}") = "Opgave10", "Opgaver\Opgave10\Opgave10.csproj", "{20DCC547-585A-4999-B008-064A03303591}"
EndProject
Project("{FAE04EC0-301F-11D3-BF4B-00C04F79EFBC}") = "Opgave11", "Opgaver\Opgave11\Opgave11.csproj", "{BB973DEC-7ED8-4892-A4F4-80BB876C16E7}"
EndProject
Project("{FAE04EC0-301F-11D3-BF4B-00C04F79EFBC}") = "InputOutput", "Andet\InputOutput\InputOutput.csproj", "{9BDD61E8-C6EE-4C27-867B-6C2C38D63D15}"
EndProject
Project("{FAE04EC0-301F-11D3-BF4B-00C04F79EFBC}") = "Valuta", "Andet\Valuta\Valuta.csproj", "{12906A6C-F62D-40A0-BA2B-F8618C88F95B}"
EndProject
Project("{FAE04EC0-301F-11D3-BF4B-00C04F79EFBC}") = "Opgave12", "Opgaver\Opgave12\Opgave12.csproj", "{408D49B4-A261-422D-88E2-8514440FA53E}"
EndProject
Project("{FAE04EC0-301F-11D3-BF4B-00C04F79EFBC}") = "Opgave13", "Opgaver\Opgave13\Opgave13.csproj", "{C60B25C6-4AD1-4C85-BBBD-08429F3BAA19}"
EndProject
Project("{FAE04EC0-301F-11D3-BF4B-00C04F79EFBC}") = "Opgave14", "Opgaver\Opgave14\Opgave14.csproj", "{E28D657A-BF84-4269-A0ED-D97A33D3B757}"
EndProject
Project("{FAE04EC0-301F-11D3-BF4B-00C04F79EFBC}") = "Opgave15", "Opgaver\Opgave15\Opgave15.csproj", "{09F2F093-5096-4A2D-ACFA-F813F6AD9E06}"
EndProject
Project("{FAE04EC0-301F-11D3-BF4B-00C04F79EFBC}") = "Opgave16", "Opgaver\Opgave16\Opgave16.csproj", "{F35065D3-BC49-4D20-85B1-F1028BA4E34F}"
EndProject
Project("{FAE04EC0-301F-11D3-BF4B-00C04F79EFBC}") = "Opgave17", "Opgaver\Opgave17\Opgave17.csproj", "{E51BD40B-E89F-49E3-B118-746A116EE8AD}"
EndProject
Project("{FAE04EC0-301F-11D3-BF4B-00C04F79EFBC}") = "Opgave18", "Opgaver\Opgave18\Opgave18.csproj", "{5825D5D6-4F21-4762-BC1D-F7087728D6A0}"
EndProject
Project("{FAE04EC0-301F-11D3-BF4B-00C04F79EFBC}") = "Opgave19", "Opgaver\Opgave19\Opgave19.csproj", "{8EABA5CD-A079-4514-9272-8D02395C731D}"
EndProject
Project("{FAE04EC0-301F-11D3-BF4B-00C04F79EFBC}") = "Opgave20", "Opgaver\Opgave20\Opgave20.csproj", "{D5461BF4-68AC-4C4A-8D4B-A0BC79B6DC5C}"
EndProject
Project("{FAE04EC0-301F-11D3-BF4B-00C04F79EFBC}") = "Opgave21", "Opgaver\Opgave21\Opgave21.csproj", "{E725E362-EE80-4312-B892-53FA650D7D12}"
EndProject
Project("{FAE04EC0-301F-11D3-BF4B-00C04F79EFBC}") = "Opgave22", "Opgaver\Opgave22\Opgave22.csproj", "{CDBB76F9-5C97-442B-9238-30A8AC2BF707}"
EndProject
Project("{FAE04EC0-301F-11D3-BF4B-00C04F79EFBC}") = "Opgave23", "Opgaver\Opgave23\Opgave23.csproj", "{AC545334-B675-438F-A936-F844C6B6ED61}"
EndProject
Project("{FAE04EC0-301F-11D3-BF4B-00C04F79EFBC}") = "Opgave24", "Opgaver\Opgave24\Opgave24.csproj", "{5EFEF274-DB0D-4855-BEBA-D3326B92189D}"
EndProject
Project("{FAE04EC0-301F-11D3-BF4B-00C04F79EFBC}") = "Opgave25", "Opgaver\Opgave25\Opgave25.csproj", "{4288DAC0-B1DB-401F-AA54-41B6509376DC}"
EndProject
Project("{FAE04EC0-301F-11D3-BF4B-00C04F79EFBC}") = "Opgave26", "Opgaver\Opgave26\Opgave26.csproj", "{F9407EA2-2F44-4877-B283-E2A6620265D7}"
EndProject
Project("{FAE04EC0-301F-11D3-BF4B-00C04F79EFBC}") = "Opgave27", "Opgaver\Opgave27\Opgave27.csproj", "{5542653A-7443-4470-9494-E1377AEDD588}"
EndProject
Project("{FAE04EC0-301F-11D3-BF4B-00C04F79EFBC}") = "LogicStatments", "Andet\LogicStatments\LogicStatments.csproj", "{30F864F1-1C96-4222-A595-45FA96EB1C6E}"
EndProject
Project("{FAE04EC0-301F-11D3-BF4B-00C04F79EFBC}") = "SofticeShop", "Andet\SofticeShop\SofticeShop.csproj", "{12C9F473-6B7C-45FC-8404-8BB4456B3589}"
EndProject
Project("{FAE04EC0-301F-11D3-BF4B-00C04F79EFBC}") = "IfElse", "Andet\IfElse\IfElse.csproj", "{F0660A47-ADB1-4621-8B89-8C6C492FB52F}"
EndProject
Project("{FAE04EC0-301F-11D3-BF4B-00C04F79EFBC}") = "BrevVægt", "Andet\BrevVægt\BrevVægt.csproj", "{0E37BE7B-EE3D-4373-A0C7-E9A0078BE79D}"
EndProject
Project("{FAE04EC0-301F-11D3-BF4B-00C04F79EFBC}") = "Opgave28", "Opgaver\Opgave28\Opgave28.csproj", "{74A87377-243D-4F9B-80E0-E4AE5ACF62EF}"
EndProject
Project("{FAE04EC0-301F-11D3-BF4B-00C04F79EFBC}") = "Opgave29", "Opgaver\Opgave29\Opgave29.csproj", "{0EE8A52D-66C0-4EA6-873D-2A7952FB8C64}"
EndProject
Project("{FAE04EC0-301F-11D3-BF4B-00C04F79EFBC}") = "Opgave30", "Opgaver\Opgave30\Opgave30.csproj", "{49DC6C67-36AA-4939-849B-238FA6A0D362}"
EndProject
Project("{FAE04EC0-301F-11D3-BF4B-00C04F79EFBC}") = "Opgave31", "Opgaver\Opgave31\Opgave31.csproj", "{DD63A34A-8703-4D14-AFC8-FE7E7708F3AE}"
EndProject
Project("{FAE04EC0-301F-11D3-BF4B-00C04F79EFBC}") = "Opgave32", "Opgaver\Opgave32\Opgave32.csproj", "{ACE0FF5E-9668-4A74-A733-3E209A2FDF5C}"
EndProject
Project("{FAE04EC0-301F-11D3-BF4B-00C04F79EFBC}") = "Opgave33", "Opgaver\Opgave33\Opgave33.csproj", "{7BA429D3-F756-4041-8676-FB157BDF4070}"
EndProject
Project("{FAE04EC0-301F-11D3-BF4B-00C04F79EFBC}") = "WhileLoop", "Andet\WhileLoop\WhileLoop.csproj", "{09AF2533-FDCB-41BB-B98E-F9983B8F7000}"
EndProject
Project("{FAE04EC0-301F-11D3-BF4B-00C04F79EFBC}") = "Opgave34", "Opgaver\Opgave34\Opgave34.csproj", "{F0956C39-1C4B-4BE3-BBA6-916AAED256C3}"
EndProject
Project("{FAE04EC0-301F-11D3-BF4B-00C04F79EFBC}") = "Opgave35", "Opgaver\Opgave35\Opgave35.csproj", "{D29FB5DC-5293-4403-8B98-D7BE858FC44B}"
EndProject
Project("{FAE04EC0-301F-11D3-BF4B-00C04F79EFBC}") = "Opgave36", "Opgaver\Opgave36\Opgave36.csproj", "{01BC3F62-C527-4E7B-AB33-98B6E8D6C7F5}"
EndProject
Project("{FAE04EC0-301F-11D3-BF4B-00C04F79EFBC}") = "Opgave37", "Opgaver\Opgave37\Opgave37.csproj", "{C79BAEBC-FF8A-46B1-8CF3-098C9AE6346A}"
EndProject
Project("{FAE04EC0-301F-11D3-BF4B-00C04F79EFBC}") = "Opgave38", "Opgaver\Opgave38\Opgave38.csproj", "{DCB4AD36-0FAF-4484-AAEB-06EAC4850F3C}"
EndProject
Project("{FAE04EC0-301F-11D3-BF4B-00C04F79EFBC}") = "Opgave39", "Opgaver\Opgave39\Opgave39.csproj", "{3A5F2A3E-231B-4133-81CD-18971ABB6055}"
EndProject
Project("{FAE04EC0-301F-11D3-BF4B-00C04F79EFBC}") = "PositiveNumbers", "Andet\PositiveNumbers\PositiveNumbers.csproj", "{4BA31972-60FD-4B0D-B909-796D93035CD7}"
EndProject
Project("{FAE04EC0-301F-11D3-BF4B-00C04F79EFBC}") = "Opgave40", "Opgaver\Opgave40\Opgave40.csproj", "{E04AA8EF-6116-4C39-8B82-31120E3B7CD9}"
EndProject
Project("{FAE04EC0-301F-11D3-BF4B-00C04F79EFBC}") = "Opgave41", "Opgaver\Opgave41\Opgave41.csproj", "{0C0D52E3-EA15-4B6C-BCF6-34063D93363D}"
EndProject
Project("{FAE04EC0-301F-11D3-BF4B-00C04F79EFBC}") = "Opgave42", "Opgaver\Opgave42\Opgave42.csproj", "{DF1D7CB6-1DC0-4156-A1AF-C702BD21B1BB}"
EndProject
Project("{FAE04EC0-301F-11D3-BF4B-00C04F79EFBC}") = "Opgave43", "Opgaver\Opgave43\Opgave43.csproj", "{8383BD3E-E24D-4FFB-84FE-5D55AD5EC959}"
EndProject
Project("{FAE04EC0-301F-11D3-BF4B-00C04F79EFBC}") = "Opgave44", "Opgaver\Opgave44\Opgave44.csproj", "{465FFB03-BCEC-4594-9D55-0C843BF018CB}"
EndProject
Project("{FAE04EC0-301F-11D3-BF4B-00C04F79EFBC}") = "Opgave45", "Opgave45\Opgave45.csproj", "{22F5B2DB-6F11-4FC1-B9C0-432A487350F3}"
EndProject
Project("{FAE04EC0-301F-11D3-BF4B-00C04F79EFBC}") = "Opgave46", "Opgaver\Opgave46\Opgave46.csproj", "{BE2D5DAA-BAFB-41CF-AA30-AD6545BF9080}"
EndProject
Project("{FAE04EC0-301F-11D3-BF4B-00C04F79EFBC}") = "Opgave47", "Opgaver\Opgave47\Opgave47.csproj", "{CB27FAC6-8C2A-4E92-967D-3AC9BB1719A8}"
EndProject
Project("{FAE04EC0-301F-11D3-BF4B-00C04F79EFBC}") = "Opgave48", "Opgaver\Opgave48\Opgave48.csproj", "{FEB9E19B-C0CA-4071-B500-F911269BF27D}"
EndProject
Project("{FAE04EC0-301F-11D3-BF4B-00C04F79EFBC}") = "Opgave49", "Opgaver\Opgave49\Opgave49.csproj", "{EA27D12F-20AE-4588-9376-1A6CC887A0BB}"
EndProject
Project("{FAE04EC0-301F-11D3-BF4B-00C04F79EFBC}") = "Opgave50", "Opgaver\Opgave50\Opgave50.csproj", "{D8B631E2-4F65-438B-B319-374C17678979}"
EndProject
Project("{FAE04EC0-301F-11D3-BF4B-00C04F79EFBC}") = "Opgave59", "Opgaver\Opgave59\Opgave59.csproj", "{D96F1BBE-8F72-431B-99CC-60820F92DA0E}"
EndProject
Project("{FAE04EC0-301F-11D3-BF4B-00C04F79EFBC}") = "Arrays", "Andet\Arrays\Arrays.csproj", "{7A7E33D2-C8B5-40E1-A799-4BCBFB2E1E7E}"
EndProject
Project("{FAE04EC0-301F-11D3-BF4B-00C04F79EFBC}") = "Opgave56", "Opgaver\Opgave56\Opgave56.csproj", "{509CF7B7-2BE3-4394-90ED-19D1A29136EF}"
EndProject
Project("{FAE04EC0-301F-11D3-BF4B-00C04F79EFBC}") = "Opgave57", "Opgaver\Opgave57\Opgave57.csproj", "{2C3281E5-DF7F-421F-ABF7-8EAFBC344A76}"
EndProject
Project("{FAE04EC0-301F-11D3-BF4B-00C04F79EFBC}") = "Opgave58", "Opgaver\Opgave58\Opgave58.csproj", "{ACEBC2D7-30BC-414A-BD9A-1B5DCAB5E12B}"
EndProject
Project("{FAE04EC0-301F-11D3-BF4B-00C04F79EFBC}") = "Opgave60", "Opgaver\Opgave60\Opgave60.csproj", "{56A5CC7F-6AC8-4D00-8355-FAA6DF292658}"
EndProject
Global
	GlobalSection(SolutionConfigurationPlatforms) = preSolution
		Debug|Any CPU = Debug|Any CPU
		Release|Any CPU = Release|Any CPU
	EndGlobalSection
	GlobalSection(ProjectConfigurationPlatforms) = postSolution
		{9418DA91-988A-469A-87A1-2699549ED5B3}.Debug|Any CPU.ActiveCfg = Debug|Any CPU
		{9418DA91-988A-469A-87A1-2699549ED5B3}.Debug|Any CPU.Build.0 = Debug|Any CPU
		{9418DA91-988A-469A-87A1-2699549ED5B3}.Release|Any CPU.ActiveCfg = Release|Any CPU
		{9418DA91-988A-469A-87A1-2699549ED5B3}.Release|Any CPU.Build.0 = Release|Any CPU
		{922DB024-612C-4685-A702-93B691B66A57}.Debug|Any CPU.ActiveCfg = Debug|Any CPU
		{922DB024-612C-4685-A702-93B691B66A57}.Debug|Any CPU.Build.0 = Debug|Any CPU
		{922DB024-612C-4685-A702-93B691B66A57}.Release|Any CPU.ActiveCfg = Release|Any CPU
		{922DB024-612C-4685-A702-93B691B66A57}.Release|Any CPU.Build.0 = Release|Any CPU
		{39FB4F61-3825-4954-9D45-E39D6AAE1A03}.Debug|Any CPU.ActiveCfg = Debug|Any CPU
		{39FB4F61-3825-4954-9D45-E39D6AAE1A03}.Debug|Any CPU.Build.0 = Debug|Any CPU
		{39FB4F61-3825-4954-9D45-E39D6AAE1A03}.Release|Any CPU.ActiveCfg = Release|Any CPU
		{39FB4F61-3825-4954-9D45-E39D6AAE1A03}.Release|Any CPU.Build.0 = Release|Any CPU
		{4ABA9807-A7E6-43C7-BA3A-C6EB381C8FD6}.Debug|Any CPU.ActiveCfg = Debug|Any CPU
		{4ABA9807-A7E6-43C7-BA3A-C6EB381C8FD6}.Debug|Any CPU.Build.0 = Debug|Any CPU
		{4ABA9807-A7E6-43C7-BA3A-C6EB381C8FD6}.Release|Any CPU.ActiveCfg = Release|Any CPU
		{4ABA9807-A7E6-43C7-BA3A-C6EB381C8FD6}.Release|Any CPU.Build.0 = Release|Any CPU
		{BA5EF8DC-1E0D-416A-9451-29B83BCE24FC}.Debug|Any CPU.ActiveCfg = Debug|Any CPU
		{BA5EF8DC-1E0D-416A-9451-29B83BCE24FC}.Debug|Any CPU.Build.0 = Debug|Any CPU
		{BA5EF8DC-1E0D-416A-9451-29B83BCE24FC}.Release|Any CPU.ActiveCfg = Release|Any CPU
		{BA5EF8DC-1E0D-416A-9451-29B83BCE24FC}.Release|Any CPU.Build.0 = Release|Any CPU
		{BFC753CB-81F1-42AC-9391-C61703EB700A}.Debug|Any CPU.ActiveCfg = Debug|Any CPU
		{BFC753CB-81F1-42AC-9391-C61703EB700A}.Debug|Any CPU.Build.0 = Debug|Any CPU
		{BFC753CB-81F1-42AC-9391-C61703EB700A}.Release|Any CPU.ActiveCfg = Release|Any CPU
		{BFC753CB-81F1-42AC-9391-C61703EB700A}.Release|Any CPU.Build.0 = Release|Any CPU
		{B6A1D86A-36BF-4BB3-BA91-B39D8ED7280D}.Debug|Any CPU.ActiveCfg = Debug|Any CPU
		{B6A1D86A-36BF-4BB3-BA91-B39D8ED7280D}.Debug|Any CPU.Build.0 = Debug|Any CPU
		{B6A1D86A-36BF-4BB3-BA91-B39D8ED7280D}.Release|Any CPU.ActiveCfg = Release|Any CPU
		{B6A1D86A-36BF-4BB3-BA91-B39D8ED7280D}.Release|Any CPU.Build.0 = Release|Any CPU
		{5F4C419C-C517-430A-A8E2-4CFDFFD726F4}.Debug|Any CPU.ActiveCfg = Debug|Any CPU
		{5F4C419C-C517-430A-A8E2-4CFDFFD726F4}.Debug|Any CPU.Build.0 = Debug|Any CPU
		{5F4C419C-C517-430A-A8E2-4CFDFFD726F4}.Release|Any CPU.ActiveCfg = Release|Any CPU
		{5F4C419C-C517-430A-A8E2-4CFDFFD726F4}.Release|Any CPU.Build.0 = Release|Any CPU
		{12265FD6-9FA4-4CEC-B831-B9323DF4BBF4}.Debug|Any CPU.ActiveCfg = Debug|Any CPU
		{12265FD6-9FA4-4CEC-B831-B9323DF4BBF4}.Debug|Any CPU.Build.0 = Debug|Any CPU
		{12265FD6-9FA4-4CEC-B831-B9323DF4BBF4}.Release|Any CPU.ActiveCfg = Release|Any CPU
		{12265FD6-9FA4-4CEC-B831-B9323DF4BBF4}.Release|Any CPU.Build.0 = Release|Any CPU
		{48DEC9F4-9F07-4779-936F-54A780B58752}.Debug|Any CPU.ActiveCfg = Debug|Any CPU
		{48DEC9F4-9F07-4779-936F-54A780B58752}.Debug|Any CPU.Build.0 = Debug|Any CPU
		{48DEC9F4-9F07-4779-936F-54A780B58752}.Release|Any CPU.ActiveCfg = Release|Any CPU
		{48DEC9F4-9F07-4779-936F-54A780B58752}.Release|Any CPU.Build.0 = Release|Any CPU
		{B90B3CE7-F75F-425A-B832-A400E208B609}.Debug|Any CPU.ActiveCfg = Debug|Any CPU
		{B90B3CE7-F75F-425A-B832-A400E208B609}.Debug|Any CPU.Build.0 = Debug|Any CPU
		{B90B3CE7-F75F-425A-B832-A400E208B609}.Release|Any CPU.ActiveCfg = Release|Any CPU
		{B90B3CE7-F75F-425A-B832-A400E208B609}.Release|Any CPU.Build.0 = Release|Any CPU
		{20DCC547-585A-4999-B008-064A03303591}.Debug|Any CPU.ActiveCfg = Debug|Any CPU
		{20DCC547-585A-4999-B008-064A03303591}.Debug|Any CPU.Build.0 = Debug|Any CPU
		{20DCC547-585A-4999-B008-064A03303591}.Release|Any CPU.ActiveCfg = Release|Any CPU
		{20DCC547-585A-4999-B008-064A03303591}.Release|Any CPU.Build.0 = Release|Any CPU
		{BB973DEC-7ED8-4892-A4F4-80BB876C16E7}.Debug|Any CPU.ActiveCfg = Debug|Any CPU
		{BB973DEC-7ED8-4892-A4F4-80BB876C16E7}.Debug|Any CPU.Build.0 = Debug|Any CPU
		{BB973DEC-7ED8-4892-A4F4-80BB876C16E7}.Release|Any CPU.ActiveCfg = Release|Any CPU
		{BB973DEC-7ED8-4892-A4F4-80BB876C16E7}.Release|Any CPU.Build.0 = Release|Any CPU
		{9BDD61E8-C6EE-4C27-867B-6C2C38D63D15}.Debug|Any CPU.ActiveCfg = Debug|Any CPU
		{9BDD61E8-C6EE-4C27-867B-6C2C38D63D15}.Debug|Any CPU.Build.0 = Debug|Any CPU
		{9BDD61E8-C6EE-4C27-867B-6C2C38D63D15}.Release|Any CPU.ActiveCfg = Release|Any CPU
		{9BDD61E8-C6EE-4C27-867B-6C2C38D63D15}.Release|Any CPU.Build.0 = Release|Any CPU
		{12906A6C-F62D-40A0-BA2B-F8618C88F95B}.Debug|Any CPU.ActiveCfg = Debug|Any CPU
		{12906A6C-F62D-40A0-BA2B-F8618C88F95B}.Debug|Any CPU.Build.0 = Debug|Any CPU
		{12906A6C-F62D-40A0-BA2B-F8618C88F95B}.Release|Any CPU.ActiveCfg = Release|Any CPU
		{12906A6C-F62D-40A0-BA2B-F8618C88F95B}.Release|Any CPU.Build.0 = Release|Any CPU
		{408D49B4-A261-422D-88E2-8514440FA53E}.Debug|Any CPU.ActiveCfg = Debug|Any CPU
		{408D49B4-A261-422D-88E2-8514440FA53E}.Debug|Any CPU.Build.0 = Debug|Any CPU
		{408D49B4-A261-422D-88E2-8514440FA53E}.Release|Any CPU.ActiveCfg = Release|Any CPU
		{408D49B4-A261-422D-88E2-8514440FA53E}.Release|Any CPU.Build.0 = Release|Any CPU
		{C60B25C6-4AD1-4C85-BBBD-08429F3BAA19}.Debug|Any CPU.ActiveCfg = Debug|Any CPU
		{C60B25C6-4AD1-4C85-BBBD-08429F3BAA19}.Debug|Any CPU.Build.0 = Debug|Any CPU
		{C60B25C6-4AD1-4C85-BBBD-08429F3BAA19}.Release|Any CPU.ActiveCfg = Release|Any CPU
		{C60B25C6-4AD1-4C85-BBBD-08429F3BAA19}.Release|Any CPU.Build.0 = Release|Any CPU
		{E28D657A-BF84-4269-A0ED-D97A33D3B757}.Debug|Any CPU.ActiveCfg = Debug|Any CPU
		{E28D657A-BF84-4269-A0ED-D97A33D3B757}.Debug|Any CPU.Build.0 = Debug|Any CPU
		{E28D657A-BF84-4269-A0ED-D97A33D3B757}.Release|Any CPU.ActiveCfg = Release|Any CPU
		{E28D657A-BF84-4269-A0ED-D97A33D3B757}.Release|Any CPU.Build.0 = Release|Any CPU
		{09F2F093-5096-4A2D-ACFA-F813F6AD9E06}.Debug|Any CPU.ActiveCfg = Debug|Any CPU
		{09F2F093-5096-4A2D-ACFA-F813F6AD9E06}.Debug|Any CPU.Build.0 = Debug|Any CPU
		{09F2F093-5096-4A2D-ACFA-F813F6AD9E06}.Release|Any CPU.ActiveCfg = Release|Any CPU
		{09F2F093-5096-4A2D-ACFA-F813F6AD9E06}.Release|Any CPU.Build.0 = Release|Any CPU
		{F35065D3-BC49-4D20-85B1-F1028BA4E34F}.Debug|Any CPU.ActiveCfg = Debug|Any CPU
		{F35065D3-BC49-4D20-85B1-F1028BA4E34F}.Debug|Any CPU.Build.0 = Debug|Any CPU
		{F35065D3-BC49-4D20-85B1-F1028BA4E34F}.Release|Any CPU.ActiveCfg = Release|Any CPU
		{F35065D3-BC49-4D20-85B1-F1028BA4E34F}.Release|Any CPU.Build.0 = Release|Any CPU
		{E51BD40B-E89F-49E3-B118-746A116EE8AD}.Debug|Any CPU.ActiveCfg = Debug|Any CPU
		{E51BD40B-E89F-49E3-B118-746A116EE8AD}.Debug|Any CPU.Build.0 = Debug|Any CPU
		{E51BD40B-E89F-49E3-B118-746A116EE8AD}.Release|Any CPU.ActiveCfg = Release|Any CPU
		{E51BD40B-E89F-49E3-B118-746A116EE8AD}.Release|Any CPU.Build.0 = Release|Any CPU
		{5825D5D6-4F21-4762-BC1D-F7087728D6A0}.Debug|Any CPU.ActiveCfg = Debug|Any CPU
		{5825D5D6-4F21-4762-BC1D-F7087728D6A0}.Debug|Any CPU.Build.0 = Debug|Any CPU
		{5825D5D6-4F21-4762-BC1D-F7087728D6A0}.Release|Any CPU.ActiveCfg = Release|Any CPU
		{5825D5D6-4F21-4762-BC1D-F7087728D6A0}.Release|Any CPU.Build.0 = Release|Any CPU
		{8EABA5CD-A079-4514-9272-8D02395C731D}.Debug|Any CPU.ActiveCfg = Debug|Any CPU
		{8EABA5CD-A079-4514-9272-8D02395C731D}.Debug|Any CPU.Build.0 = Debug|Any CPU
		{8EABA5CD-A079-4514-9272-8D02395C731D}.Release|Any CPU.ActiveCfg = Release|Any CPU
		{8EABA5CD-A079-4514-9272-8D02395C731D}.Release|Any CPU.Build.0 = Release|Any CPU
		{D5461BF4-68AC-4C4A-8D4B-A0BC79B6DC5C}.Debug|Any CPU.ActiveCfg = Debug|Any CPU
		{D5461BF4-68AC-4C4A-8D4B-A0BC79B6DC5C}.Debug|Any CPU.Build.0 = Debug|Any CPU
		{D5461BF4-68AC-4C4A-8D4B-A0BC79B6DC5C}.Release|Any CPU.ActiveCfg = Release|Any CPU
		{D5461BF4-68AC-4C4A-8D4B-A0BC79B6DC5C}.Release|Any CPU.Build.0 = Release|Any CPU
		{E725E362-EE80-4312-B892-53FA650D7D12}.Debug|Any CPU.ActiveCfg = Debug|Any CPU
		{E725E362-EE80-4312-B892-53FA650D7D12}.Debug|Any CPU.Build.0 = Debug|Any CPU
		{E725E362-EE80-4312-B892-53FA650D7D12}.Release|Any CPU.ActiveCfg = Release|Any CPU
		{E725E362-EE80-4312-B892-53FA650D7D12}.Release|Any CPU.Build.0 = Release|Any CPU
		{CDBB76F9-5C97-442B-9238-30A8AC2BF707}.Debug|Any CPU.ActiveCfg = Debug|Any CPU
		{CDBB76F9-5C97-442B-9238-30A8AC2BF707}.Debug|Any CPU.Build.0 = Debug|Any CPU
		{CDBB76F9-5C97-442B-9238-30A8AC2BF707}.Release|Any CPU.ActiveCfg = Release|Any CPU
		{CDBB76F9-5C97-442B-9238-30A8AC2BF707}.Release|Any CPU.Build.0 = Release|Any CPU
		{AC545334-B675-438F-A936-F844C6B6ED61}.Debug|Any CPU.ActiveCfg = Debug|Any CPU
		{AC545334-B675-438F-A936-F844C6B6ED61}.Debug|Any CPU.Build.0 = Debug|Any CPU
		{AC545334-B675-438F-A936-F844C6B6ED61}.Release|Any CPU.ActiveCfg = Release|Any CPU
		{AC545334-B675-438F-A936-F844C6B6ED61}.Release|Any CPU.Build.0 = Release|Any CPU
		{5EFEF274-DB0D-4855-BEBA-D3326B92189D}.Debug|Any CPU.ActiveCfg = Debug|Any CPU
		{5EFEF274-DB0D-4855-BEBA-D3326B92189D}.Debug|Any CPU.Build.0 = Debug|Any CPU
		{5EFEF274-DB0D-4855-BEBA-D3326B92189D}.Release|Any CPU.ActiveCfg = Release|Any CPU
		{5EFEF274-DB0D-4855-BEBA-D3326B92189D}.Release|Any CPU.Build.0 = Release|Any CPU
		{4288DAC0-B1DB-401F-AA54-41B6509376DC}.Debug|Any CPU.ActiveCfg = Debug|Any CPU
		{4288DAC0-B1DB-401F-AA54-41B6509376DC}.Debug|Any CPU.Build.0 = Debug|Any CPU
		{4288DAC0-B1DB-401F-AA54-41B6509376DC}.Release|Any CPU.ActiveCfg = Release|Any CPU
		{4288DAC0-B1DB-401F-AA54-41B6509376DC}.Release|Any CPU.Build.0 = Release|Any CPU
		{F9407EA2-2F44-4877-B283-E2A6620265D7}.Debug|Any CPU.ActiveCfg = Debug|Any CPU
		{F9407EA2-2F44-4877-B283-E2A6620265D7}.Debug|Any CPU.Build.0 = Debug|Any CPU
		{F9407EA2-2F44-4877-B283-E2A6620265D7}.Release|Any CPU.ActiveCfg = Release|Any CPU
		{F9407EA2-2F44-4877-B283-E2A6620265D7}.Release|Any CPU.Build.0 = Release|Any CPU
		{5542653A-7443-4470-9494-E1377AEDD588}.Debug|Any CPU.ActiveCfg = Debug|Any CPU
		{5542653A-7443-4470-9494-E1377AEDD588}.Debug|Any CPU.Build.0 = Debug|Any CPU
		{5542653A-7443-4470-9494-E1377AEDD588}.Release|Any CPU.ActiveCfg = Release|Any CPU
		{5542653A-7443-4470-9494-E1377AEDD588}.Release|Any CPU.Build.0 = Release|Any CPU
		{30F864F1-1C96-4222-A595-45FA96EB1C6E}.Debug|Any CPU.ActiveCfg = Debug|Any CPU
		{30F864F1-1C96-4222-A595-45FA96EB1C6E}.Debug|Any CPU.Build.0 = Debug|Any CPU
		{30F864F1-1C96-4222-A595-45FA96EB1C6E}.Release|Any CPU.ActiveCfg = Release|Any CPU
		{30F864F1-1C96-4222-A595-45FA96EB1C6E}.Release|Any CPU.Build.0 = Release|Any CPU
		{12C9F473-6B7C-45FC-8404-8BB4456B3589}.Debug|Any CPU.ActiveCfg = Debug|Any CPU
		{12C9F473-6B7C-45FC-8404-8BB4456B3589}.Debug|Any CPU.Build.0 = Debug|Any CPU
		{12C9F473-6B7C-45FC-8404-8BB4456B3589}.Release|Any CPU.ActiveCfg = Release|Any CPU
		{12C9F473-6B7C-45FC-8404-8BB4456B3589}.Release|Any CPU.Build.0 = Release|Any CPU
		{F0660A47-ADB1-4621-8B89-8C6C492FB52F}.Debug|Any CPU.ActiveCfg = Debug|Any CPU
		{F0660A47-ADB1-4621-8B89-8C6C492FB52F}.Debug|Any CPU.Build.0 = Debug|Any CPU
		{F0660A47-ADB1-4621-8B89-8C6C492FB52F}.Release|Any CPU.ActiveCfg = Release|Any CPU
		{F0660A47-ADB1-4621-8B89-8C6C492FB52F}.Release|Any CPU.Build.0 = Release|Any CPU
		{0E37BE7B-EE3D-4373-A0C7-E9A0078BE79D}.Debug|Any CPU.ActiveCfg = Debug|Any CPU
		{0E37BE7B-EE3D-4373-A0C7-E9A0078BE79D}.Debug|Any CPU.Build.0 = Debug|Any CPU
		{0E37BE7B-EE3D-4373-A0C7-E9A0078BE79D}.Release|Any CPU.ActiveCfg = Release|Any CPU
		{0E37BE7B-EE3D-4373-A0C7-E9A0078BE79D}.Release|Any CPU.Build.0 = Release|Any CPU
		{74A87377-243D-4F9B-80E0-E4AE5ACF62EF}.Debug|Any CPU.ActiveCfg = Debug|Any CPU
		{74A87377-243D-4F9B-80E0-E4AE5ACF62EF}.Debug|Any CPU.Build.0 = Debug|Any CPU
		{74A87377-243D-4F9B-80E0-E4AE5ACF62EF}.Release|Any CPU.ActiveCfg = Release|Any CPU
		{74A87377-243D-4F9B-80E0-E4AE5ACF62EF}.Release|Any CPU.Build.0 = Release|Any CPU
		{0EE8A52D-66C0-4EA6-873D-2A7952FB8C64}.Debug|Any CPU.ActiveCfg = Debug|Any CPU
		{0EE8A52D-66C0-4EA6-873D-2A7952FB8C64}.Debug|Any CPU.Build.0 = Debug|Any CPU
		{0EE8A52D-66C0-4EA6-873D-2A7952FB8C64}.Release|Any CPU.ActiveCfg = Release|Any CPU
		{0EE8A52D-66C0-4EA6-873D-2A7952FB8C64}.Release|Any CPU.Build.0 = Release|Any CPU
		{49DC6C67-36AA-4939-849B-238FA6A0D362}.Debug|Any CPU.ActiveCfg = Debug|Any CPU
		{49DC6C67-36AA-4939-849B-238FA6A0D362}.Debug|Any CPU.Build.0 = Debug|Any CPU
		{49DC6C67-36AA-4939-849B-238FA6A0D362}.Release|Any CPU.ActiveCfg = Release|Any CPU
		{49DC6C67-36AA-4939-849B-238FA6A0D362}.Release|Any CPU.Build.0 = Release|Any CPU
		{DD63A34A-8703-4D14-AFC8-FE7E7708F3AE}.Debug|Any CPU.ActiveCfg = Debug|Any CPU
		{DD63A34A-8703-4D14-AFC8-FE7E7708F3AE}.Debug|Any CPU.Build.0 = Debug|Any CPU
		{DD63A34A-8703-4D14-AFC8-FE7E7708F3AE}.Release|Any CPU.ActiveCfg = Release|Any CPU
		{DD63A34A-8703-4D14-AFC8-FE7E7708F3AE}.Release|Any CPU.Build.0 = Release|Any CPU
		{ACE0FF5E-9668-4A74-A733-3E209A2FDF5C}.Debug|Any CPU.ActiveCfg = Debug|Any CPU
		{ACE0FF5E-9668-4A74-A733-3E209A2FDF5C}.Debug|Any CPU.Build.0 = Debug|Any CPU
		{ACE0FF5E-9668-4A74-A733-3E209A2FDF5C}.Release|Any CPU.ActiveCfg = Release|Any CPU
		{ACE0FF5E-9668-4A74-A733-3E209A2FDF5C}.Release|Any CPU.Build.0 = Release|Any CPU
		{7BA429D3-F756-4041-8676-FB157BDF4070}.Debug|Any CPU.ActiveCfg = Debug|Any CPU
		{7BA429D3-F756-4041-8676-FB157BDF4070}.Debug|Any CPU.Build.0 = Debug|Any CPU
		{7BA429D3-F756-4041-8676-FB157BDF4070}.Release|Any CPU.ActiveCfg = Release|Any CPU
		{7BA429D3-F756-4041-8676-FB157BDF4070}.Release|Any CPU.Build.0 = Release|Any CPU
		{09AF2533-FDCB-41BB-B98E-F9983B8F7000}.Debug|Any CPU.ActiveCfg = Debug|Any CPU
		{09AF2533-FDCB-41BB-B98E-F9983B8F7000}.Debug|Any CPU.Build.0 = Debug|Any CPU
		{09AF2533-FDCB-41BB-B98E-F9983B8F7000}.Release|Any CPU.ActiveCfg = Release|Any CPU
		{09AF2533-FDCB-41BB-B98E-F9983B8F7000}.Release|Any CPU.Build.0 = Release|Any CPU
		{F0956C39-1C4B-4BE3-BBA6-916AAED256C3}.Debug|Any CPU.ActiveCfg = Debug|Any CPU
		{F0956C39-1C4B-4BE3-BBA6-916AAED256C3}.Debug|Any CPU.Build.0 = Debug|Any CPU
		{F0956C39-1C4B-4BE3-BBA6-916AAED256C3}.Release|Any CPU.ActiveCfg = Release|Any CPU
		{F0956C39-1C4B-4BE3-BBA6-916AAED256C3}.Release|Any CPU.Build.0 = Release|Any CPU
		{D29FB5DC-5293-4403-8B98-D7BE858FC44B}.Debug|Any CPU.ActiveCfg = Debug|Any CPU
		{D29FB5DC-5293-4403-8B98-D7BE858FC44B}.Debug|Any CPU.Build.0 = Debug|Any CPU
		{D29FB5DC-5293-4403-8B98-D7BE858FC44B}.Release|Any CPU.ActiveCfg = Release|Any CPU
		{D29FB5DC-5293-4403-8B98-D7BE858FC44B}.Release|Any CPU.Build.0 = Release|Any CPU
		{01BC3F62-C527-4E7B-AB33-98B6E8D6C7F5}.Debug|Any CPU.ActiveCfg = Debug|Any CPU
		{01BC3F62-C527-4E7B-AB33-98B6E8D6C7F5}.Debug|Any CPU.Build.0 = Debug|Any CPU
		{01BC3F62-C527-4E7B-AB33-98B6E8D6C7F5}.Release|Any CPU.ActiveCfg = Release|Any CPU
		{01BC3F62-C527-4E7B-AB33-98B6E8D6C7F5}.Release|Any CPU.Build.0 = Release|Any CPU
		{C79BAEBC-FF8A-46B1-8CF3-098C9AE6346A}.Debug|Any CPU.ActiveCfg = Debug|Any CPU
		{C79BAEBC-FF8A-46B1-8CF3-098C9AE6346A}.Debug|Any CPU.Build.0 = Debug|Any CPU
		{C79BAEBC-FF8A-46B1-8CF3-098C9AE6346A}.Release|Any CPU.ActiveCfg = Release|Any CPU
		{C79BAEBC-FF8A-46B1-8CF3-098C9AE6346A}.Release|Any CPU.Build.0 = Release|Any CPU
		{DCB4AD36-0FAF-4484-AAEB-06EAC4850F3C}.Debug|Any CPU.ActiveCfg = Debug|Any CPU
		{DCB4AD36-0FAF-4484-AAEB-06EAC4850F3C}.Debug|Any CPU.Build.0 = Debug|Any CPU
		{DCB4AD36-0FAF-4484-AAEB-06EAC4850F3C}.Release|Any CPU.ActiveCfg = Release|Any CPU
		{DCB4AD36-0FAF-4484-AAEB-06EAC4850F3C}.Release|Any CPU.Build.0 = Release|Any CPU
		{3A5F2A3E-231B-4133-81CD-18971ABB6055}.Debug|Any CPU.ActiveCfg = Debug|Any CPU
		{3A5F2A3E-231B-4133-81CD-18971ABB6055}.Debug|Any CPU.Build.0 = Debug|Any CPU
		{3A5F2A3E-231B-4133-81CD-18971ABB6055}.Release|Any CPU.ActiveCfg = Release|Any CPU
		{3A5F2A3E-231B-4133-81CD-18971ABB6055}.Release|Any CPU.Build.0 = Release|Any CPU
		{4BA31972-60FD-4B0D-B909-796D93035CD7}.Debug|Any CPU.ActiveCfg = Debug|Any CPU
		{4BA31972-60FD-4B0D-B909-796D93035CD7}.Debug|Any CPU.Build.0 = Debug|Any CPU
		{4BA31972-60FD-4B0D-B909-796D93035CD7}.Release|Any CPU.ActiveCfg = Release|Any CPU
		{4BA31972-60FD-4B0D-B909-796D93035CD7}.Release|Any CPU.Build.0 = Release|Any CPU
		{E04AA8EF-6116-4C39-8B82-31120E3B7CD9}.Debug|Any CPU.ActiveCfg = Debug|Any CPU
		{E04AA8EF-6116-4C39-8B82-31120E3B7CD9}.Debug|Any CPU.Build.0 = Debug|Any CPU
		{E04AA8EF-6116-4C39-8B82-31120E3B7CD9}.Release|Any CPU.ActiveCfg = Release|Any CPU
		{E04AA8EF-6116-4C39-8B82-31120E3B7CD9}.Release|Any CPU.Build.0 = Release|Any CPU
		{0C0D52E3-EA15-4B6C-BCF6-34063D93363D}.Debug|Any CPU.ActiveCfg = Debug|Any CPU
		{0C0D52E3-EA15-4B6C-BCF6-34063D93363D}.Debug|Any CPU.Build.0 = Debug|Any CPU
		{0C0D52E3-EA15-4B6C-BCF6-34063D93363D}.Release|Any CPU.ActiveCfg = Release|Any CPU
		{0C0D52E3-EA15-4B6C-BCF6-34063D93363D}.Release|Any CPU.Build.0 = Release|Any CPU
		{DF1D7CB6-1DC0-4156-A1AF-C702BD21B1BB}.Debug|Any CPU.ActiveCfg = Debug|Any CPU
		{DF1D7CB6-1DC0-4156-A1AF-C702BD21B1BB}.Debug|Any CPU.Build.0 = Debug|Any CPU
		{DF1D7CB6-1DC0-4156-A1AF-C702BD21B1BB}.Release|Any CPU.ActiveCfg = Release|Any CPU
		{DF1D7CB6-1DC0-4156-A1AF-C702BD21B1BB}.Release|Any CPU.Build.0 = Release|Any CPU
		{8383BD3E-E24D-4FFB-84FE-5D55AD5EC959}.Debug|Any CPU.ActiveCfg = Debug|Any CPU
		{8383BD3E-E24D-4FFB-84FE-5D55AD5EC959}.Debug|Any CPU.Build.0 = Debug|Any CPU
		{8383BD3E-E24D-4FFB-84FE-5D55AD5EC959}.Release|Any CPU.ActiveCfg = Release|Any CPU
		{8383BD3E-E24D-4FFB-84FE-5D55AD5EC959}.Release|Any CPU.Build.0 = Release|Any CPU
		{465FFB03-BCEC-4594-9D55-0C843BF018CB}.Debug|Any CPU.ActiveCfg = Debug|Any CPU
		{465FFB03-BCEC-4594-9D55-0C843BF018CB}.Debug|Any CPU.Build.0 = Debug|Any CPU
		{465FFB03-BCEC-4594-9D55-0C843BF018CB}.Release|Any CPU.ActiveCfg = Release|Any CPU
		{465FFB03-BCEC-4594-9D55-0C843BF018CB}.Release|Any CPU.Build.0 = Release|Any CPU
		{22F5B2DB-6F11-4FC1-B9C0-432A487350F3}.Debug|Any CPU.ActiveCfg = Debug|Any CPU
		{22F5B2DB-6F11-4FC1-B9C0-432A487350F3}.Debug|Any CPU.Build.0 = Debug|Any CPU
		{22F5B2DB-6F11-4FC1-B9C0-432A487350F3}.Release|Any CPU.ActiveCfg = Release|Any CPU
		{22F5B2DB-6F11-4FC1-B9C0-432A487350F3}.Release|Any CPU.Build.0 = Release|Any CPU
		{BE2D5DAA-BAFB-41CF-AA30-AD6545BF9080}.Debug|Any CPU.ActiveCfg = Debug|Any CPU
		{BE2D5DAA-BAFB-41CF-AA30-AD6545BF9080}.Debug|Any CPU.Build.0 = Debug|Any CPU
		{BE2D5DAA-BAFB-41CF-AA30-AD6545BF9080}.Release|Any CPU.ActiveCfg = Release|Any CPU
		{BE2D5DAA-BAFB-41CF-AA30-AD6545BF9080}.Release|Any CPU.Build.0 = Release|Any CPU
		{CB27FAC6-8C2A-4E92-967D-3AC9BB1719A8}.Debug|Any CPU.ActiveCfg = Debug|Any CPU
		{CB27FAC6-8C2A-4E92-967D-3AC9BB1719A8}.Debug|Any CPU.Build.0 = Debug|Any CPU
		{CB27FAC6-8C2A-4E92-967D-3AC9BB1719A8}.Release|Any CPU.ActiveCfg = Release|Any CPU
		{CB27FAC6-8C2A-4E92-967D-3AC9BB1719A8}.Release|Any CPU.Build.0 = Release|Any CPU
		{FEB9E19B-C0CA-4071-B500-F911269BF27D}.Debug|Any CPU.ActiveCfg = Debug|Any CPU
		{FEB9E19B-C0CA-4071-B500-F911269BF27D}.Debug|Any CPU.Build.0 = Debug|Any CPU
		{FEB9E19B-C0CA-4071-B500-F911269BF27D}.Release|Any CPU.ActiveCfg = Release|Any CPU
		{FEB9E19B-C0CA-4071-B500-F911269BF27D}.Release|Any CPU.Build.0 = Release|Any CPU
		{EA27D12F-20AE-4588-9376-1A6CC887A0BB}.Debug|Any CPU.ActiveCfg = Debug|Any CPU
		{EA27D12F-20AE-4588-9376-1A6CC887A0BB}.Debug|Any CPU.Build.0 = Debug|Any CPU
		{EA27D12F-20AE-4588-9376-1A6CC887A0BB}.Release|Any CPU.ActiveCfg = Release|Any CPU
		{EA27D12F-20AE-4588-9376-1A6CC887A0BB}.Release|Any CPU.Build.0 = Release|Any CPU
		{D8B631E2-4F65-438B-B319-374C17678979}.Debug|Any CPU.ActiveCfg = Debug|Any CPU
		{D8B631E2-4F65-438B-B319-374C17678979}.Debug|Any CPU.Build.0 = Debug|Any CPU
		{D8B631E2-4F65-438B-B319-374C17678979}.Release|Any CPU.ActiveCfg = Release|Any CPU
		{D8B631E2-4F65-438B-B319-374C17678979}.Release|Any CPU.Build.0 = Release|Any CPU
		{D96F1BBE-8F72-431B-99CC-60820F92DA0E}.Debug|Any CPU.ActiveCfg = Debug|Any CPU
		{D96F1BBE-8F72-431B-99CC-60820F92DA0E}.Debug|Any CPU.Build.0 = Debug|Any CPU
		{D96F1BBE-8F72-431B-99CC-60820F92DA0E}.Release|Any CPU.ActiveCfg = Release|Any CPU
		{D96F1BBE-8F72-431B-99CC-60820F92DA0E}.Release|Any CPU.Build.0 = Release|Any CPU
		{7A7E33D2-C8B5-40E1-A799-4BCBFB2E1E7E}.Debug|Any CPU.ActiveCfg = Debug|Any CPU
		{7A7E33D2-C8B5-40E1-A799-4BCBFB2E1E7E}.Debug|Any CPU.Build.0 = Debug|Any CPU
		{7A7E33D2-C8B5-40E1-A799-4BCBFB2E1E7E}.Release|Any CPU.ActiveCfg = Release|Any CPU
		{7A7E33D2-C8B5-40E1-A799-4BCBFB2E1E7E}.Release|Any CPU.Build.0 = Release|Any CPU
		{509CF7B7-2BE3-4394-90ED-19D1A29136EF}.Debug|Any CPU.ActiveCfg = Debug|Any CPU
		{509CF7B7-2BE3-4394-90ED-19D1A29136EF}.Debug|Any CPU.Build.0 = Debug|Any CPU
		{509CF7B7-2BE3-4394-90ED-19D1A29136EF}.Release|Any CPU.ActiveCfg = Release|Any CPU
		{509CF7B7-2BE3-4394-90ED-19D1A29136EF}.Release|Any CPU.Build.0 = Release|Any CPU
		{2C3281E5-DF7F-421F-ABF7-8EAFBC344A76}.Debug|Any CPU.ActiveCfg = Debug|Any CPU
		{2C3281E5-DF7F-421F-ABF7-8EAFBC344A76}.Debug|Any CPU.Build.0 = Debug|Any CPU
		{2C3281E5-DF7F-421F-ABF7-8EAFBC344A76}.Release|Any CPU.ActiveCfg = Release|Any CPU
		{2C3281E5-DF7F-421F-ABF7-8EAFBC344A76}.Release|Any CPU.Build.0 = Release|Any CPU
		{ACEBC2D7-30BC-414A-BD9A-1B5DCAB5E12B}.Debug|Any CPU.ActiveCfg = Debug|Any CPU
		{ACEBC2D7-30BC-414A-BD9A-1B5DCAB5E12B}.Debug|Any CPU.Build.0 = Debug|Any CPU
		{ACEBC2D7-30BC-414A-BD9A-1B5DCAB5E12B}.Release|Any CPU.ActiveCfg = Release|Any CPU
		{ACEBC2D7-30BC-414A-BD9A-1B5DCAB5E12B}.Release|Any CPU.Build.0 = Release|Any CPU
		{56A5CC7F-6AC8-4D00-8355-FAA6DF292658}.Debug|Any CPU.ActiveCfg = Debug|Any CPU
		{56A5CC7F-6AC8-4D00-8355-FAA6DF292658}.Debug|Any CPU.Build.0 = Debug|Any CPU
		{56A5CC7F-6AC8-4D00-8355-FAA6DF292658}.Release|Any CPU.ActiveCfg = Release|Any CPU
		{56A5CC7F-6AC8-4D00-8355-FAA6DF292658}.Release|Any CPU.Build.0 = Release|Any CPU
	EndGlobalSection
	GlobalSection(SolutionProperties) = preSolution
		HideSolutionNode = FALSE
	EndGlobalSection
	GlobalSection(NestedProjects) = preSolution
		{9418DA91-988A-469A-87A1-2699549ED5B3} = {B9BE1BBF-290F-4601-8404-F2F3C38750E3}
		{922DB024-612C-4685-A702-93B691B66A57} = {B9BE1BBF-290F-4601-8404-F2F3C38750E3}
		{39FB4F61-3825-4954-9D45-E39D6AAE1A03} = {B9BE1BBF-290F-4601-8404-F2F3C38750E3}
		{4ABA9807-A7E6-43C7-BA3A-C6EB381C8FD6} = {B9BE1BBF-290F-4601-8404-F2F3C38750E3}
		{BA5EF8DC-1E0D-416A-9451-29B83BCE24FC} = {6C368247-6EF6-4E02-8658-1E7A11755EEA}
		{BFC753CB-81F1-42AC-9391-C61703EB700A} = {B9BE1BBF-290F-4601-8404-F2F3C38750E3}
		{B6A1D86A-36BF-4BB3-BA91-B39D8ED7280D} = {B9BE1BBF-290F-4601-8404-F2F3C38750E3}
		{5F4C419C-C517-430A-A8E2-4CFDFFD726F4} = {B9BE1BBF-290F-4601-8404-F2F3C38750E3}
		{12265FD6-9FA4-4CEC-B831-B9323DF4BBF4} = {6C368247-6EF6-4E02-8658-1E7A11755EEA}
		{48DEC9F4-9F07-4779-936F-54A780B58752} = {B9BE1BBF-290F-4601-8404-F2F3C38750E3}
		{B90B3CE7-F75F-425A-B832-A400E208B609} = {B9BE1BBF-290F-4601-8404-F2F3C38750E3}
		{20DCC547-585A-4999-B008-064A03303591} = {B9BE1BBF-290F-4601-8404-F2F3C38750E3}
		{BB973DEC-7ED8-4892-A4F4-80BB876C16E7} = {B9BE1BBF-290F-4601-8404-F2F3C38750E3}
		{9BDD61E8-C6EE-4C27-867B-6C2C38D63D15} = {6C368247-6EF6-4E02-8658-1E7A11755EEA}
		{12906A6C-F62D-40A0-BA2B-F8618C88F95B} = {6C368247-6EF6-4E02-8658-1E7A11755EEA}
		{408D49B4-A261-422D-88E2-8514440FA53E} = {B9BE1BBF-290F-4601-8404-F2F3C38750E3}
		{C60B25C6-4AD1-4C85-BBBD-08429F3BAA19} = {B9BE1BBF-290F-4601-8404-F2F3C38750E3}
		{E28D657A-BF84-4269-A0ED-D97A33D3B757} = {B9BE1BBF-290F-4601-8404-F2F3C38750E3}
		{09F2F093-5096-4A2D-ACFA-F813F6AD9E06} = {B9BE1BBF-290F-4601-8404-F2F3C38750E3}
		{F35065D3-BC49-4D20-85B1-F1028BA4E34F} = {B9BE1BBF-290F-4601-8404-F2F3C38750E3}
		{E51BD40B-E89F-49E3-B118-746A116EE8AD} = {B9BE1BBF-290F-4601-8404-F2F3C38750E3}
		{5825D5D6-4F21-4762-BC1D-F7087728D6A0} = {B9BE1BBF-290F-4601-8404-F2F3C38750E3}
		{8EABA5CD-A079-4514-9272-8D02395C731D} = {B9BE1BBF-290F-4601-8404-F2F3C38750E3}
		{D5461BF4-68AC-4C4A-8D4B-A0BC79B6DC5C} = {B9BE1BBF-290F-4601-8404-F2F3C38750E3}
		{E725E362-EE80-4312-B892-53FA650D7D12} = {B9BE1BBF-290F-4601-8404-F2F3C38750E3}
		{CDBB76F9-5C97-442B-9238-30A8AC2BF707} = {B9BE1BBF-290F-4601-8404-F2F3C38750E3}
		{AC545334-B675-438F-A936-F844C6B6ED61} = {B9BE1BBF-290F-4601-8404-F2F3C38750E3}
		{5EFEF274-DB0D-4855-BEBA-D3326B92189D} = {B9BE1BBF-290F-4601-8404-F2F3C38750E3}
		{4288DAC0-B1DB-401F-AA54-41B6509376DC} = {B9BE1BBF-290F-4601-8404-F2F3C38750E3}
		{F9407EA2-2F44-4877-B283-E2A6620265D7} = {B9BE1BBF-290F-4601-8404-F2F3C38750E3}
		{5542653A-7443-4470-9494-E1377AEDD588} = {B9BE1BBF-290F-4601-8404-F2F3C38750E3}
		{30F864F1-1C96-4222-A595-45FA96EB1C6E} = {6C368247-6EF6-4E02-8658-1E7A11755EEA}
		{12C9F473-6B7C-45FC-8404-8BB4456B3589} = {6C368247-6EF6-4E02-8658-1E7A11755EEA}
		{F0660A47-ADB1-4621-8B89-8C6C492FB52F} = {6C368247-6EF6-4E02-8658-1E7A11755EEA}
		{0E37BE7B-EE3D-4373-A0C7-E9A0078BE79D} = {6C368247-6EF6-4E02-8658-1E7A11755EEA}
		{74A87377-243D-4F9B-80E0-E4AE5ACF62EF} = {B9BE1BBF-290F-4601-8404-F2F3C38750E3}
		{0EE8A52D-66C0-4EA6-873D-2A7952FB8C64} = {B9BE1BBF-290F-4601-8404-F2F3C38750E3}
		{49DC6C67-36AA-4939-849B-238FA6A0D362} = {B9BE1BBF-290F-4601-8404-F2F3C38750E3}
		{DD63A34A-8703-4D14-AFC8-FE7E7708F3AE} = {B9BE1BBF-290F-4601-8404-F2F3C38750E3}
		{ACE0FF5E-9668-4A74-A733-3E209A2FDF5C} = {B9BE1BBF-290F-4601-8404-F2F3C38750E3}
		{7BA429D3-F756-4041-8676-FB157BDF4070} = {B9BE1BBF-290F-4601-8404-F2F3C38750E3}
		{09AF2533-FDCB-41BB-B98E-F9983B8F7000} = {6C368247-6EF6-4E02-8658-1E7A11755EEA}
		{F0956C39-1C4B-4BE3-BBA6-916AAED256C3} = {B9BE1BBF-290F-4601-8404-F2F3C38750E3}
		{D29FB5DC-5293-4403-8B98-D7BE858FC44B} = {B9BE1BBF-290F-4601-8404-F2F3C38750E3}
		{01BC3F62-C527-4E7B-AB33-98B6E8D6C7F5} = {B9BE1BBF-290F-4601-8404-F2F3C38750E3}
		{C79BAEBC-FF8A-46B1-8CF3-098C9AE6346A} = {B9BE1BBF-290F-4601-8404-F2F3C38750E3}
		{DCB4AD36-0FAF-4484-AAEB-06EAC4850F3C} = {B9BE1BBF-290F-4601-8404-F2F3C38750E3}
		{3A5F2A3E-231B-4133-81CD-18971ABB6055} = {B9BE1BBF-290F-4601-8404-F2F3C38750E3}
		{4BA31972-60FD-4B0D-B909-796D93035CD7} = {6C368247-6EF6-4E02-8658-1E7A11755EEA}
		{E04AA8EF-6116-4C39-8B82-31120E3B7CD9} = {B9BE1BBF-290F-4601-8404-F2F3C38750E3}
		{0C0D52E3-EA15-4B6C-BCF6-34063D93363D} = {B9BE1BBF-290F-4601-8404-F2F3C38750E3}
		{DF1D7CB6-1DC0-4156-A1AF-C702BD21B1BB} = {B9BE1BBF-290F-4601-8404-F2F3C38750E3}
		{8383BD3E-E24D-4FFB-84FE-5D55AD5EC959} = {B9BE1BBF-290F-4601-8404-F2F3C38750E3}
		{465FFB03-BCEC-4594-9D55-0C843BF018CB} = {B9BE1BBF-290F-4601-8404-F2F3C38750E3}
		{22F5B2DB-6F11-4FC1-B9C0-432A487350F3} = {B9BE1BBF-290F-4601-8404-F2F3C38750E3}
		{BE2D5DAA-BAFB-41CF-AA30-AD6545BF9080} = {B9BE1BBF-290F-4601-8404-F2F3C38750E3}
		{CB27FAC6-8C2A-4E92-967D-3AC9BB1719A8} = {B9BE1BBF-290F-4601-8404-F2F3C38750E3}
		{FEB9E19B-C0CA-4071-B500-F911269BF27D} = {B9BE1BBF-290F-4601-8404-F2F3C38750E3}
		{EA27D12F-20AE-4588-9376-1A6CC887A0BB} = {B9BE1BBF-290F-4601-8404-F2F3C38750E3}
		{D8B631E2-4F65-438B-B319-374C17678979} = {B9BE1BBF-290F-4601-8404-F2F3C38750E3}
		{D96F1BBE-8F72-431B-99CC-60820F92DA0E} = {B9BE1BBF-290F-4601-8404-F2F3C38750E3}
		{7A7E33D2-C8B5-40E1-A799-4BCBFB2E1E7E} = {6C368247-6EF6-4E02-8658-1E7A11755EEA}
		{509CF7B7-2BE3-4394-90ED-19D1A29136EF} = {B9BE1BBF-290F-4601-8404-F2F3C38750E3}
		{2C3281E5-DF7F-421F-ABF7-8EAFBC344A76} = {B9BE1BBF-290F-4601-8404-F2F3C38750E3}
		{ACEBC2D7-30BC-414A-BD9A-1B5DCAB5E12B} = {B9BE1BBF-290F-4601-8404-F2F3C38750E3}
		{56A5CC7F-6AC8-4D00-8355-FAA6DF292658} = {B9BE1BBF-290F-4601-8404-F2F3C38750E3}
	EndGlobalSection
	GlobalSection(ExtensibilityGlobals) = postSolution
		SolutionGuid = {A67E8827-6E9C-4632-BAE7-BD9BBF02765C}
	EndGlobalSection
EndGlobal
